
Microsoft Visual Studio Solution File, Format Version 12.00
# Visual Studio Version 16
VisualStudioVersion = 16.0.32228.343
MinimumVisualStudioVersion = 10.0.40219.1
Project("{FAE04EC0-301F-11D3-BF4B-00C04F79EFBC}") = "proyecto", "proyecto\proyecto.csproj", "{322CC5BA-9395-47B8-9211-70D47800F35F}"
EndProject
Global
	GlobalSection(SolutionConfigurationPlatforms) = preSolution
		Debug|Any CPU = Debug|Any CPU
		Release|Any CPU = Release|Any CPU
	EndGlobalSection
	GlobalSection(ProjectConfigurationPlatforms) = postSolution
		{322CC5BA-9395-47B8-9211-70D47800F35F}.Debug|Any CPU.ActiveCfg = Debug|Any CPU
		{322CC5BA-9395-47B8-9211-70D47800F35F}.Debug|Any CPU.Build.0 = Debug|Any CPU
		{322CC5BA-9395-47B8-9211-70D47800F35F}.Release|Any CPU.ActiveCfg = Release|Any CPU
		{322CC5BA-9395-47B8-9211-70D47800F35F}.Release|Any CPU.Build.0 = Release|Any CPU
	EndGlobalSection
	GlobalSection(SolutionProperties) = preSolution
		HideSolutionNode = FALSE
	EndGlobalSection
	GlobalSection(ExtensibilityGlobals) = postSolution
		SolutionGuid = {A3CB6DA2-DEA2-4210-B236-4E44BA2CDA14}
	EndGlobalSection
EndGlobal
